# THIS IS AN AUTOGENERATED FILE. DO NOT EDIT THIS FILE DIRECTLY.
# yarn lockfile v1


"@types/node@^9.6.1":
  version "9.6.1"
  resolved "https://registry.yarnpkg.com/@types/node/-/node-9.6.1.tgz#e2d374ef15b315b48e7efc308fa1a7cd51faa06c"

ansi-styles@^3.2.1:
  version "3.2.1"
  resolved "https://registry.yarnpkg.com/ansi-styles/-/ansi-styles-3.2.1.tgz#41fbb20243e50b12be0f04b8dedbf07520ce841d"
  dependencies:
    color-convert "^1.9.0"

argv-tools@^0.1.1:
  version "0.1.1"
  resolved "https://registry.yarnpkg.com/argv-tools/-/argv-tools-0.1.1.tgz#588283f3393ada47141440b12981cd41bf6b7032"
  dependencies:
    array-back "^2.0.0"
    find-replace "^2.0.1"

array-back@^2.0.0:
  version "2.0.0"
  resolved "https://registry.yarnpkg.com/array-back/-/array-back-2.0.0.tgz#6877471d51ecc9c9bfa6136fb6c7d5fe69748022"
  dependencies:
    typical "^2.6.1"

chalk@^2.3.2:
  version "2.3.2"
  resolved "https://registry.yarnpkg.com/chalk/-/chalk-2.3.2.tgz#250dc96b07491bfd601e648d66ddf5f60c7a5c65"
  dependencies:
    ansi-styles "^3.2.1"
    escape-string-regexp "^1.0.5"
    supports-color "^5.3.0"

color-convert@^1.9.0:
  version "1.9.1"
  resolved "https://registry.yarnpkg.com/color-convert/-/color-convert-1.9.1.tgz#c1261107aeb2f294ebffec9ed9ecad529a6097ed"
  dependencies:
    color-name "^1.1.1"

color-name@^1.1.1:
  version "1.1.3"
  resolved "https://registry.yarnpkg.com/color-name/-/color-name-1.1.3.tgz#a7d0558bd89c42f795dd42328f740831ca53bc25"

command-line-args@^5.0.2:
  version "5.0.2"
  resolved "https://registry.yarnpkg.com/command-line-args/-/command-line-args-5.0.2.tgz#c4e56b016636af1323cf485aa25c3cb203dfbbe4"
  dependencies:
    argv-tools "^0.1.1"
    array-back "^2.0.0"
    find-replace "^2.0.1"
    lodash.camelcase "^4.3.0"
    typical "^2.6.1"

command-line-usage@^5.0.4:
  version "5.0.4"
  resolved "https://registry.yarnpkg.com/command-line-usage/-/command-line-usage-5.0.4.tgz#d6d910c249d5c39e908af23b1aa769487de2f74d"
  dependencies:
    array-back "^2.0.0"
    chalk "^2.3.2"
    table-layout "^0.4.3"
    typical "^2.6.1"

deep-extend@~0.5.0:
  version "0.5.0"
  resolved "https://registry.yarnpkg.com/deep-extend/-/deep-extend-0.5.0.tgz#6ef4a09b05f98b0e358d6d93d4ca3caec6672803"

escape-string-regexp@^1.0.5:
  version "1.0.5"
  resolved "https://registry.yarnpkg.com/escape-string-regexp/-/escape-string-regexp-1.0.5.tgz#1b61c0562190a8dff6ae3bb2cf0200ca130b86d4"

find-replace@^2.0.1:
  version "2.0.1"
  resolved "https://registry.yarnpkg.com/find-replace/-/find-replace-2.0.1.tgz#6d9683a7ca20f8f9aabeabad07e4e2580f528550"
  dependencies:
    array-back "^2.0.0"
    test-value "^3.0.0"

has-flag@^3.0.0:
  version "3.0.0"
  resolved "https://registry.yarnpkg.com/has-flag/-/has-flag-3.0.0.tgz#b5d454dc2199ae225699f3467e5a07f3b955bafd"

lodash.camelcase@^4.3.0:
  version "4.3.0"
  resolved "https://registry.yarnpkg.com/lodash.camelcase/-/lodash.camelcase-4.3.0.tgz#b28aa6288a2b9fc651035c7711f65ab6190331a6"

lodash.padend@^4.6.1:
  version "4.6.1"
  resolved "https://registry.yarnpkg.com/lodash.padend/-/lodash.padend-4.6.1.tgz#53ccba047d06e158d311f45da625f4e49e6f166e"

path-parse@^1.0.5:
  version "1.0.5"
  resolved "https://registry.yarnpkg.com/path-parse/-/path-parse-1.0.5.tgz#3c1adf871ea9cd6c9431b6ea2bd74a0ff055c4c1"

reduce-flatten@^1.0.1:
  version "1.0.1"
  resolved "https://registry.yarnpkg.com/reduce-flatten/-/reduce-flatten-1.0.1.tgz#258c78efd153ddf93cb561237f61184f3696e327"

resolve@^1.6.0:
  version "1.6.0"
  resolved "https://registry.yarnpkg.com/resolve/-/resolve-1.6.0.tgz#0fbd21278b27b4004481c395349e7aba60a9ff5c"
  dependencies:
    path-parse "^1.0.5"

supports-color@^5.3.0:
  version "5.3.0"
  resolved "https://registry.yarnpkg.com/supports-color/-/supports-color-5.3.0.tgz#5b24ac15db80fa927cf5227a4a33fd3c4c7676c0"
  dependencies:
    has-flag "^3.0.0"

table-layout@^0.4.3:
  version "0.4.3"
  resolved "https://registry.yarnpkg.com/table-layout/-/table-layout-0.4.3.tgz#07509e1d72599f2c128a58ac67682ec4ba002af0"
  dependencies:
    array-back "^2.0.0"
    deep-extend "~0.5.0"
    lodash.padend "^4.6.1"
    typical "^2.6.1"
    wordwrapjs "^3.0.0"

test-value@^3.0.0:
  version "3.0.0"
  resolved "https://registry.yarnpkg.com/test-value/-/test-value-3.0.0.tgz#9168c062fab11a86b8d444dd968bb4b73851ce92"
  dependencies:
    array-back "^2.0.0"
    typical "^2.6.1"

typescript@^2.8.1:
  version "2.8.1"
  resolved "https://registry.yarnpkg.com/typescript/-/typescript-2.8.1.tgz#6160e4f8f195d5ba81d4876f9c0cc1fbc0820624"

typical@^2.6.1:
  version "2.6.1"
  resolved "https://registry.yarnpkg.com/typical/-/typical-2.6.1.tgz#5c080e5d661cbbe38259d2e70a3c7253e873881d"

wordwrapjs@^3.0.0:
  version "3.0.0"
  resolved "https://registry.yarnpkg.com/wordwrapjs/-/wordwrapjs-3.0.0.tgz#c94c372894cadc6feb1a66bff64e1d9af92c5d1e"
  dependencies:
    reduce-flatten "^1.0.1"
    typical "^2.6.1"
